
Microsoft Visual Studio Solution File, Format Version 12.00
# Visual Studio Version 16
VisualStudioVersion = 16.0.31829.152
MinimumVisualStudioVersion = 10.0.40219.1
Project("{9A19103F-16F7-4668-BE54-9A1E7A4F7556}") = "CallExternalApi", "CallExternalApi\CallExternalApi.csproj", "{7F82AA6A-5A2B-4464-BC8B-F01496E0477B}"
EndProject
Project("{9A19103F-16F7-4668-BE54-9A1E7A4F7556}") = "PokeApiLibrary", "PokeApiLibrary\PokeApiLibrary.csproj", "{4A2E8795-B239-4329-9891-4F6E07EF92A7}"
EndProject
Project("{9A19103F-16F7-4668-BE54-9A1E7A4F7556}") = "HanidexDbLibrary", "HanidexDbLibrary\HanidexDbLibrary.csproj", "{1705B601-8F49-460E-8377-D806E04ED984}"
EndProject
Global
	GlobalSection(SolutionConfigurationPlatforms) = preSolution
		Debug|Any CPU = Debug|Any CPU
		Release|Any CPU = Release|Any CPU
	EndGlobalSection
	GlobalSection(ProjectConfigurationPlatforms) = postSolution
		{7F82AA6A-5A2B-4464-BC8B-F01496E0477B}.Debug|Any CPU.ActiveCfg = Debug|Any CPU
		{7F82AA6A-5A2B-4464-BC8B-F01496E0477B}.Debug|Any CPU.Build.0 = Debug|Any CPU
		{7F82AA6A-5A2B-4464-BC8B-F01496E0477B}.Release|Any CPU.ActiveCfg = Release|Any CPU
		{7F82AA6A-5A2B-4464-BC8B-F01496E0477B}.Release|Any CPU.Build.0 = Release|Any CPU
		{4A2E8795-B239-4329-9891-4F6E07EF92A7}.Debug|Any CPU.ActiveCfg = Debug|Any CPU
		{4A2E8795-B239-4329-9891-4F6E07EF92A7}.Debug|Any CPU.Build.0 = Debug|Any CPU
		{4A2E8795-B239-4329-9891-4F6E07EF92A7}.Release|Any CPU.ActiveCfg = Release|Any CPU
		{4A2E8795-B239-4329-9891-4F6E07EF92A7}.Release|Any CPU.Build.0 = Release|Any CPU
		{1705B601-8F49-460E-8377-D806E04ED984}.Debug|Any CPU.ActiveCfg = Debug|Any CPU
		{1705B601-8F49-460E-8377-D806E04ED984}.Debug|Any CPU.Build.0 = Debug|Any CPU
		{1705B601-8F49-460E-8377-D806E04ED984}.Release|Any CPU.ActiveCfg = Release|Any CPU
		{1705B601-8F49-460E-8377-D806E04ED984}.Release|Any CPU.Build.0 = Release|Any CPU
	EndGlobalSection
	GlobalSection(SolutionProperties) = preSolution
		HideSolutionNode = FALSE
	EndGlobalSection
	GlobalSection(ExtensibilityGlobals) = postSolution
		SolutionGuid = {BB2B10A2-F66C-40C1-B00B-9D1B89A68C70}
	EndGlobalSection
EndGlobal
